
Microsoft Visual Studio Solution File, Format Version 12.00
# Visual Studio Version 16
VisualStudioVersion = 16.0.28803.352
MinimumVisualStudioVersion = 10.0.40219.1
Project("{FAE04EC0-301F-11D3-BF4B-00C04F79EFBC}") = "NETworkManager", "NETworkManager\NETworkManager.csproj", "{E825EC30-AFA2-476A-AC2C-7537630A645B}"
EndProject
Project("{FAE04EC0-301F-11D3-BF4B-00C04F79EFBC}") = "NETworkManager.Localization", "NETworkManager.Localization\NETworkManager.Localization.csproj", "{FF225C2E-AA67-4B10-939A-6C046CEF8697}"
EndProject
Project("{FAE04EC0-301F-11D3-BF4B-00C04F79EFBC}") = "NETworkManager.Utilities", "NETworkManager.Utilities\NETworkManager.Utilities.csproj", "{5C3D1749-D260-4566-B448-B94B3AD9EEFF}"
EndProject
Project("{FAE04EC0-301F-11D3-BF4B-00C04F79EFBC}") = "NETworkManager.Settings", "NETworkManager.Settings\NETworkManager.Settings.csproj", "{6E50ED00-1F79-4CED-8146-BE6F803BA835}"
EndProject
Project("{FAE04EC0-301F-11D3-BF4B-00C04F79EFBC}") = "NETworkManager.Profiles", "NETworkManager.Profiles\NETworkManager.Profiles.csproj", "{66E58B86-C604-467E-BEEF-9D7D0750B173}"
EndProject
Project("{FAE04EC0-301F-11D3-BF4B-00C04F79EFBC}") = "NETworkManager.Converters", "NETworkManager.Converters\NETworkManager.Converters.csproj", "{BD4DDC21-7B64-41B2-BAC7-8173E0FE84BE}"
EndProject
Project("{FAE04EC0-301F-11D3-BF4B-00C04F79EFBC}") = "NETworkManager.Resources", "NETworkManager.Resources\NETworkManager.Resources.csproj", "{E610546C-F732-447F-A2C8-0013BFBB8742}"
EndProject
Project("{FAE04EC0-301F-11D3-BF4B-00C04F79EFBC}") = "NETworkManager.Model", "NETworkManager.Model\NETworkManager.Model.csproj", "{97F712D1-6A21-4C6C-97F0-3F14D6E9ADFC}"
EndProject
Project("{FAE04EC0-301F-11D3-BF4B-00C04F79EFBC}") = "NETworkManager.ViewModel", "NETworkManager.ViewModel\NETworkManager.ViewModel.csproj", "{D9527072-6834-4DA8-8B3A-75DCD42A716E}"
EndProject
Project("{FAE04EC0-301F-11D3-BF4B-00C04F79EFBC}") = "NETworkManager.Update", "NETworkManager.Update\NETworkManager.Update.csproj", "{4306A872-15EB-4109-AAAC-5EC0F8F372C5}"
EndProject
Global
	GlobalSection(SolutionConfigurationPlatforms) = preSolution
		Debug|Any CPU = Debug|Any CPU
		Debug|ARM = Debug|ARM
		Debug|ARM64 = Debug|ARM64
		Debug|x64 = Debug|x64
		Debug|x86 = Debug|x86
		Release|Any CPU = Release|Any CPU
		Release|ARM = Release|ARM
		Release|ARM64 = Release|ARM64
		Release|x64 = Release|x64
		Release|x86 = Release|x86
	EndGlobalSection
	GlobalSection(ProjectConfigurationPlatforms) = postSolution
		{E825EC30-AFA2-476A-AC2C-7537630A645B}.Debug|Any CPU.ActiveCfg = Debug|Any CPU
		{E825EC30-AFA2-476A-AC2C-7537630A645B}.Debug|Any CPU.Build.0 = Debug|Any CPU
		{E825EC30-AFA2-476A-AC2C-7537630A645B}.Debug|ARM.ActiveCfg = Debug|Any CPU
		{E825EC30-AFA2-476A-AC2C-7537630A645B}.Debug|ARM.Build.0 = Debug|Any CPU
		{E825EC30-AFA2-476A-AC2C-7537630A645B}.Debug|ARM64.ActiveCfg = Debug|Any CPU
		{E825EC30-AFA2-476A-AC2C-7537630A645B}.Debug|ARM64.Build.0 = Debug|Any CPU
		{E825EC30-AFA2-476A-AC2C-7537630A645B}.Debug|x64.ActiveCfg = Debug|x64
		{E825EC30-AFA2-476A-AC2C-7537630A645B}.Debug|x64.Build.0 = Debug|x64
		{E825EC30-AFA2-476A-AC2C-7537630A645B}.Debug|x86.ActiveCfg = Debug|Any CPU
		{E825EC30-AFA2-476A-AC2C-7537630A645B}.Debug|x86.Build.0 = Debug|Any CPU
		{E825EC30-AFA2-476A-AC2C-7537630A645B}.Release|Any CPU.ActiveCfg = Release|Any CPU
		{E825EC30-AFA2-476A-AC2C-7537630A645B}.Release|Any CPU.Build.0 = Release|Any CPU
		{E825EC30-AFA2-476A-AC2C-7537630A645B}.Release|Any CPU.Deploy.0 = Release|Any CPU
		{E825EC30-AFA2-476A-AC2C-7537630A645B}.Release|ARM.ActiveCfg = Release|Any CPU
		{E825EC30-AFA2-476A-AC2C-7537630A645B}.Release|ARM.Build.0 = Release|Any CPU
		{E825EC30-AFA2-476A-AC2C-7537630A645B}.Release|ARM64.ActiveCfg = Release|Any CPU
		{E825EC30-AFA2-476A-AC2C-7537630A645B}.Release|ARM64.Build.0 = Release|Any CPU
		{E825EC30-AFA2-476A-AC2C-7537630A645B}.Release|x64.ActiveCfg = Release|x64
		{E825EC30-AFA2-476A-AC2C-7537630A645B}.Release|x64.Build.0 = Release|x64
		{E825EC30-AFA2-476A-AC2C-7537630A645B}.Release|x86.ActiveCfg = Release|Any CPU
		{E825EC30-AFA2-476A-AC2C-7537630A645B}.Release|x86.Build.0 = Release|Any CPU
		{FF225C2E-AA67-4B10-939A-6C046CEF8697}.Debug|Any CPU.ActiveCfg = Debug|Any CPU
		{FF225C2E-AA67-4B10-939A-6C046CEF8697}.Debug|Any CPU.Build.0 = Debug|Any CPU
		{FF225C2E-AA67-4B10-939A-6C046CEF8697}.Debug|ARM.ActiveCfg = Debug|Any CPU
		{FF225C2E-AA67-4B10-939A-6C046CEF8697}.Debug|ARM.Build.0 = Debug|Any CPU
		{FF225C2E-AA67-4B10-939A-6C046CEF8697}.Debug|ARM64.ActiveCfg = Debug|Any CPU
		{FF225C2E-AA67-4B10-939A-6C046CEF8697}.Debug|ARM64.Build.0 = Debug|Any CPU
		{FF225C2E-AA67-4B10-939A-6C046CEF8697}.Debug|x64.ActiveCfg = Debug|Any CPU
		{FF225C2E-AA67-4B10-939A-6C046CEF8697}.Debug|x64.Build.0 = Debug|Any CPU
		{FF225C2E-AA67-4B10-939A-6C046CEF8697}.Debug|x86.ActiveCfg = Debug|Any CPU
		{FF225C2E-AA67-4B10-939A-6C046CEF8697}.Debug|x86.Build.0 = Debug|Any CPU
		{FF225C2E-AA67-4B10-939A-6C046CEF8697}.Release|Any CPU.ActiveCfg = Release|Any CPU
		{FF225C2E-AA67-4B10-939A-6C046CEF8697}.Release|Any CPU.Build.0 = Release|Any CPU
		{FF225C2E-AA67-4B10-939A-6C046CEF8697}.Release|ARM.ActiveCfg = Release|Any CPU
		{FF225C2E-AA67-4B10-939A-6C046CEF8697}.Release|ARM.Build.0 = Release|Any CPU
		{FF225C2E-AA67-4B10-939A-6C046CEF8697}.Release|ARM64.ActiveCfg = Release|Any CPU
		{FF225C2E-AA67-4B10-939A-6C046CEF8697}.Release|ARM64.Build.0 = Release|Any CPU
		{FF225C2E-AA67-4B10-939A-6C046CEF8697}.Release|x64.ActiveCfg = Release|Any CPU
		{FF225C2E-AA67-4B10-939A-6C046CEF8697}.Release|x64.Build.0 = Release|Any CPU
		{FF225C2E-AA67-4B10-939A-6C046CEF8697}.Release|x86.ActiveCfg = Release|Any CPU
		{FF225C2E-AA67-4B10-939A-6C046CEF8697}.Release|x86.Build.0 = Release|Any CPU
		{5C3D1749-D260-4566-B448-B94B3AD9EEFF}.Debug|Any CPU.ActiveCfg = Debug|Any CPU
		{5C3D1749-D260-4566-B448-B94B3AD9EEFF}.Debug|Any CPU.Build.0 = Debug|Any CPU
		{5C3D1749-D260-4566-B448-B94B3AD9EEFF}.Debug|ARM.ActiveCfg = Debug|Any CPU
		{5C3D1749-D260-4566-B448-B94B3AD9EEFF}.Debug|ARM.Build.0 = Debug|Any CPU
		{5C3D1749-D260-4566-B448-B94B3AD9EEFF}.Debug|ARM64.ActiveCfg = Debug|Any CPU
		{5C3D1749-D260-4566-B448-B94B3AD9EEFF}.Debug|ARM64.Build.0 = Debug|Any CPU
		{5C3D1749-D260-4566-B448-B94B3AD9EEFF}.Debug|x64.ActiveCfg = Debug|Any CPU
		{5C3D1749-D260-4566-B448-B94B3AD9EEFF}.Debug|x64.Build.0 = Debug|Any CPU
		{5C3D1749-D260-4566-B448-B94B3AD9EEFF}.Debug|x86.ActiveCfg = Debug|Any CPU
		{5C3D1749-D260-4566-B448-B94B3AD9EEFF}.Debug|x86.Build.0 = Debug|Any CPU
		{5C3D1749-D260-4566-B448-B94B3AD9EEFF}.Release|Any CPU.ActiveCfg = Release|Any CPU
		{5C3D1749-D260-4566-B448-B94B3AD9EEFF}.Release|Any CPU.Build.0 = Release|Any CPU
		{5C3D1749-D260-4566-B448-B94B3AD9EEFF}.Release|ARM.ActiveCfg = Release|Any CPU
		{5C3D1749-D260-4566-B448-B94B3AD9EEFF}.Release|ARM.Build.0 = Release|Any CPU
		{5C3D1749-D260-4566-B448-B94B3AD9EEFF}.Release|ARM64.ActiveCfg = Release|Any CPU
		{5C3D1749-D260-4566-B448-B94B3AD9EEFF}.Release|ARM64.Build.0 = Release|Any CPU
		{5C3D1749-D260-4566-B448-B94B3AD9EEFF}.Release|x64.ActiveCfg = Release|Any CPU
		{5C3D1749-D260-4566-B448-B94B3AD9EEFF}.Release|x64.Build.0 = Release|Any CPU
		{5C3D1749-D260-4566-B448-B94B3AD9EEFF}.Release|x86.ActiveCfg = Release|Any CPU
		{5C3D1749-D260-4566-B448-B94B3AD9EEFF}.Release|x86.Build.0 = Release|Any CPU
		{6E50ED00-1F79-4CED-8146-BE6F803BA835}.Debug|Any CPU.ActiveCfg = Debug|Any CPU
		{6E50ED00-1F79-4CED-8146-BE6F803BA835}.Debug|Any CPU.Build.0 = Debug|Any CPU
		{6E50ED00-1F79-4CED-8146-BE6F803BA835}.Debug|ARM.ActiveCfg = Debug|Any CPU
		{6E50ED00-1F79-4CED-8146-BE6F803BA835}.Debug|ARM.Build.0 = Debug|Any CPU
		{6E50ED00-1F79-4CED-8146-BE6F803BA835}.Debug|ARM64.ActiveCfg = Debug|Any CPU
		{6E50ED00-1F79-4CED-8146-BE6F803BA835}.Debug|ARM64.Build.0 = Debug|Any CPU
		{6E50ED00-1F79-4CED-8146-BE6F803BA835}.Debug|x64.ActiveCfg = Debug|Any CPU
		{6E50ED00-1F79-4CED-8146-BE6F803BA835}.Debug|x64.Build.0 = Debug|Any CPU
		{6E50ED00-1F79-4CED-8146-BE6F803BA835}.Debug|x86.ActiveCfg = Debug|Any CPU
		{6E50ED00-1F79-4CED-8146-BE6F803BA835}.Debug|x86.Build.0 = Debug|Any CPU
		{6E50ED00-1F79-4CED-8146-BE6F803BA835}.Release|Any CPU.ActiveCfg = Release|Any CPU
		{6E50ED00-1F79-4CED-8146-BE6F803BA835}.Release|Any CPU.Build.0 = Release|Any CPU
		{6E50ED00-1F79-4CED-8146-BE6F803BA835}.Release|ARM.ActiveCfg = Release|Any CPU
		{6E50ED00-1F79-4CED-8146-BE6F803BA835}.Release|ARM.Build.0 = Release|Any CPU
		{6E50ED00-1F79-4CED-8146-BE6F803BA835}.Release|ARM64.ActiveCfg = Release|Any CPU
		{6E50ED00-1F79-4CED-8146-BE6F803BA835}.Release|ARM64.Build.0 = Release|Any CPU
		{6E50ED00-1F79-4CED-8146-BE6F803BA835}.Release|x64.ActiveCfg = Release|Any CPU
		{6E50ED00-1F79-4CED-8146-BE6F803BA835}.Release|x64.Build.0 = Release|Any CPU
		{6E50ED00-1F79-4CED-8146-BE6F803BA835}.Release|x86.ActiveCfg = Release|Any CPU
		{6E50ED00-1F79-4CED-8146-BE6F803BA835}.Release|x86.Build.0 = Release|Any CPU
		{66E58B86-C604-467E-BEEF-9D7D0750B173}.Debug|Any CPU.ActiveCfg = Debug|Any CPU
		{66E58B86-C604-467E-BEEF-9D7D0750B173}.Debug|Any CPU.Build.0 = Debug|Any CPU
		{66E58B86-C604-467E-BEEF-9D7D0750B173}.Debug|ARM.ActiveCfg = Debug|Any CPU
		{66E58B86-C604-467E-BEEF-9D7D0750B173}.Debug|ARM.Build.0 = Debug|Any CPU
		{66E58B86-C604-467E-BEEF-9D7D0750B173}.Debug|ARM64.ActiveCfg = Debug|Any CPU
		{66E58B86-C604-467E-BEEF-9D7D0750B173}.Debug|ARM64.Build.0 = Debug|Any CPU
		{66E58B86-C604-467E-BEEF-9D7D0750B173}.Debug|x64.ActiveCfg = Debug|Any CPU
		{66E58B86-C604-467E-BEEF-9D7D0750B173}.Debug|x64.Build.0 = Debug|Any CPU
		{66E58B86-C604-467E-BEEF-9D7D0750B173}.Debug|x86.ActiveCfg = Debug|Any CPU
		{66E58B86-C604-467E-BEEF-9D7D0750B173}.Debug|x86.Build.0 = Debug|Any CPU
		{66E58B86-C604-467E-BEEF-9D7D0750B173}.Release|Any CPU.ActiveCfg = Release|Any CPU
		{66E58B86-C604-467E-BEEF-9D7D0750B173}.Release|Any CPU.Build.0 = Release|Any CPU
		{66E58B86-C604-467E-BEEF-9D7D0750B173}.Release|ARM.ActiveCfg = Release|Any CPU
		{66E58B86-C604-467E-BEEF-9D7D0750B173}.Release|ARM.Build.0 = Release|Any CPU
		{66E58B86-C604-467E-BEEF-9D7D0750B173}.Release|ARM64.ActiveCfg = Release|Any CPU
		{66E58B86-C604-467E-BEEF-9D7D0750B173}.Release|ARM64.Build.0 = Release|Any CPU
		{66E58B86-C604-467E-BEEF-9D7D0750B173}.Release|x64.ActiveCfg = Release|Any CPU
		{66E58B86-C604-467E-BEEF-9D7D0750B173}.Release|x64.Build.0 = Release|Any CPU
		{66E58B86-C604-467E-BEEF-9D7D0750B173}.Release|x86.ActiveCfg = Release|Any CPU
		{66E58B86-C604-467E-BEEF-9D7D0750B173}.Release|x86.Build.0 = Release|Any CPU
		{BD4DDC21-7B64-41B2-BAC7-8173E0FE84BE}.Debug|Any CPU.ActiveCfg = Debug|Any CPU
		{BD4DDC21-7B64-41B2-BAC7-8173E0FE84BE}.Debug|Any CPU.Build.0 = Debug|Any CPU
		{BD4DDC21-7B64-41B2-BAC7-8173E0FE84BE}.Debug|ARM.ActiveCfg = Debug|Any CPU
		{BD4DDC21-7B64-41B2-BAC7-8173E0FE84BE}.Debug|ARM.Build.0 = Debug|Any CPU
		{BD4DDC21-7B64-41B2-BAC7-8173E0FE84BE}.Debug|ARM64.ActiveCfg = Debug|Any CPU
		{BD4DDC21-7B64-41B2-BAC7-8173E0FE84BE}.Debug|ARM64.Build.0 = Debug|Any CPU
		{BD4DDC21-7B64-41B2-BAC7-8173E0FE84BE}.Debug|x64.ActiveCfg = Debug|Any CPU
		{BD4DDC21-7B64-41B2-BAC7-8173E0FE84BE}.Debug|x64.Build.0 = Debug|Any CPU
		{BD4DDC21-7B64-41B2-BAC7-8173E0FE84BE}.Debug|x86.ActiveCfg = Debug|Any CPU
		{BD4DDC21-7B64-41B2-BAC7-8173E0FE84BE}.Debug|x86.Build.0 = Debug|Any CPU
		{BD4DDC21-7B64-41B2-BAC7-8173E0FE84BE}.Release|Any CPU.ActiveCfg = Release|Any CPU
		{BD4DDC21-7B64-41B2-BAC7-8173E0FE84BE}.Release|Any CPU.Build.0 = Release|Any CPU
		{BD4DDC21-7B64-41B2-BAC7-8173E0FE84BE}.Release|ARM.ActiveCfg = Release|Any CPU
		{BD4DDC21-7B64-41B2-BAC7-8173E0FE84BE}.Release|ARM.Build.0 = Release|Any CPU
		{BD4DDC21-7B64-41B2-BAC7-8173E0FE84BE}.Release|ARM64.ActiveCfg = Release|Any CPU
		{BD4DDC21-7B64-41B2-BAC7-8173E0FE84BE}.Release|ARM64.Build.0 = Release|Any CPU
		{BD4DDC21-7B64-41B2-BAC7-8173E0FE84BE}.Release|x64.ActiveCfg = Release|Any CPU
		{BD4DDC21-7B64-41B2-BAC7-8173E0FE84BE}.Release|x64.Build.0 = Release|Any CPU
		{BD4DDC21-7B64-41B2-BAC7-8173E0FE84BE}.Release|x86.ActiveCfg = Release|Any CPU
		{BD4DDC21-7B64-41B2-BAC7-8173E0FE84BE}.Release|x86.Build.0 = Release|Any CPU
		{E610546C-F732-447F-A2C8-0013BFBB8742}.Debug|Any CPU.ActiveCfg = Debug|Any CPU
		{E610546C-F732-447F-A2C8-0013BFBB8742}.Debug|Any CPU.Build.0 = Debug|Any CPU
		{E610546C-F732-447F-A2C8-0013BFBB8742}.Debug|ARM.ActiveCfg = Debug|Any CPU
		{E610546C-F732-447F-A2C8-0013BFBB8742}.Debug|ARM.Build.0 = Debug|Any CPU
		{E610546C-F732-447F-A2C8-0013BFBB8742}.Debug|ARM64.ActiveCfg = Debug|Any CPU
		{E610546C-F732-447F-A2C8-0013BFBB8742}.Debug|ARM64.Build.0 = Debug|Any CPU
		{E610546C-F732-447F-A2C8-0013BFBB8742}.Debug|x64.ActiveCfg = Debug|Any CPU
		{E610546C-F732-447F-A2C8-0013BFBB8742}.Debug|x64.Build.0 = Debug|Any CPU
		{E610546C-F732-447F-A2C8-0013BFBB8742}.Debug|x86.ActiveCfg = Debug|Any CPU
		{E610546C-F732-447F-A2C8-0013BFBB8742}.Debug|x86.Build.0 = Debug|Any CPU
		{E610546C-F732-447F-A2C8-0013BFBB8742}.Release|Any CPU.ActiveCfg = Release|Any CPU
		{E610546C-F732-447F-A2C8-0013BFBB8742}.Release|Any CPU.Build.0 = Release|Any CPU
		{E610546C-F732-447F-A2C8-0013BFBB8742}.Release|ARM.ActiveCfg = Release|Any CPU
		{E610546C-F732-447F-A2C8-0013BFBB8742}.Release|ARM.Build.0 = Release|Any CPU
		{E610546C-F732-447F-A2C8-0013BFBB8742}.Release|ARM64.ActiveCfg = Release|Any CPU
		{E610546C-F732-447F-A2C8-0013BFBB8742}.Release|ARM64.Build.0 = Release|Any CPU
		{E610546C-F732-447F-A2C8-0013BFBB8742}.Release|x64.ActiveCfg = Release|Any CPU
		{E610546C-F732-447F-A2C8-0013BFBB8742}.Release|x64.Build.0 = Release|Any CPU
		{E610546C-F732-447F-A2C8-0013BFBB8742}.Release|x86.ActiveCfg = Release|Any CPU
		{E610546C-F732-447F-A2C8-0013BFBB8742}.Release|x86.Build.0 = Release|Any CPU
		{97F712D1-6A21-4C6C-97F0-3F14D6E9ADFC}.Debug|Any CPU.ActiveCfg = Debug|Any CPU
		{97F712D1-6A21-4C6C-97F0-3F14D6E9ADFC}.Debug|Any CPU.Build.0 = Debug|Any CPU
		{97F712D1-6A21-4C6C-97F0-3F14D6E9ADFC}.Debug|ARM.ActiveCfg = Debug|Any CPU
		{97F712D1-6A21-4C6C-97F0-3F14D6E9ADFC}.Debug|ARM.Build.0 = Debug|Any CPU
		{97F712D1-6A21-4C6C-97F0-3F14D6E9ADFC}.Debug|ARM64.ActiveCfg = Debug|Any CPU
		{97F712D1-6A21-4C6C-97F0-3F14D6E9ADFC}.Debug|ARM64.Build.0 = Debug|Any CPU
		{97F712D1-6A21-4C6C-97F0-3F14D6E9ADFC}.Debug|x64.ActiveCfg = Debug|Any CPU
		{97F712D1-6A21-4C6C-97F0-3F14D6E9ADFC}.Debug|x64.Build.0 = Debug|Any CPU
		{97F712D1-6A21-4C6C-97F0-3F14D6E9ADFC}.Debug|x86.ActiveCfg = Debug|Any CPU
		{97F712D1-6A21-4C6C-97F0-3F14D6E9ADFC}.Debug|x86.Build.0 = Debug|Any CPU
		{97F712D1-6A21-4C6C-97F0-3F14D6E9ADFC}.Release|Any CPU.ActiveCfg = Release|Any CPU
		{97F712D1-6A21-4C6C-97F0-3F14D6E9ADFC}.Release|Any CPU.Build.0 = Release|Any CPU
		{97F712D1-6A21-4C6C-97F0-3F14D6E9ADFC}.Release|ARM.ActiveCfg = Release|Any CPU
		{97F712D1-6A21-4C6C-97F0-3F14D6E9ADFC}.Release|ARM.Build.0 = Release|Any CPU
		{97F712D1-6A21-4C6C-97F0-3F14D6E9ADFC}.Release|ARM64.ActiveCfg = Release|Any CPU
		{97F712D1-6A21-4C6C-97F0-3F14D6E9ADFC}.Release|ARM64.Build.0 = Release|Any CPU
		{97F712D1-6A21-4C6C-97F0-3F14D6E9ADFC}.Release|x64.ActiveCfg = Release|Any CPU
		{97F712D1-6A21-4C6C-97F0-3F14D6E9ADFC}.Release|x64.Build.0 = Release|Any CPU
		{97F712D1-6A21-4C6C-97F0-3F14D6E9ADFC}.Release|x86.ActiveCfg = Release|Any CPU
		{97F712D1-6A21-4C6C-97F0-3F14D6E9ADFC}.Release|x86.Build.0 = Release|Any CPU
		{D9527072-6834-4DA8-8B3A-75DCD42A716E}.Debug|Any CPU.ActiveCfg = Debug|Any CPU
		{D9527072-6834-4DA8-8B3A-75DCD42A716E}.Debug|Any CPU.Build.0 = Debug|Any CPU
		{D9527072-6834-4DA8-8B3A-75DCD42A716E}.Debug|ARM.ActiveCfg = Debug|Any CPU
		{D9527072-6834-4DA8-8B3A-75DCD42A716E}.Debug|ARM.Build.0 = Debug|Any CPU
		{D9527072-6834-4DA8-8B3A-75DCD42A716E}.Debug|ARM64.ActiveCfg = Debug|Any CPU
		{D9527072-6834-4DA8-8B3A-75DCD42A716E}.Debug|ARM64.Build.0 = Debug|Any CPU
		{D9527072-6834-4DA8-8B3A-75DCD42A716E}.Debug|x64.ActiveCfg = Debug|Any CPU
		{D9527072-6834-4DA8-8B3A-75DCD42A716E}.Debug|x64.Build.0 = Debug|Any CPU
		{D9527072-6834-4DA8-8B3A-75DCD42A716E}.Debug|x86.ActiveCfg = Debug|Any CPU
		{D9527072-6834-4DA8-8B3A-75DCD42A716E}.Debug|x86.Build.0 = Debug|Any CPU
		{D9527072-6834-4DA8-8B3A-75DCD42A716E}.Release|Any CPU.ActiveCfg = Release|Any CPU
		{D9527072-6834-4DA8-8B3A-75DCD42A716E}.Release|Any CPU.Build.0 = Release|Any CPU
		{D9527072-6834-4DA8-8B3A-75DCD42A716E}.Release|ARM.ActiveCfg = Release|Any CPU
		{D9527072-6834-4DA8-8B3A-75DCD42A716E}.Release|ARM.Build.0 = Release|Any CPU
		{D9527072-6834-4DA8-8B3A-75DCD42A716E}.Release|ARM64.ActiveCfg = Release|Any CPU
		{D9527072-6834-4DA8-8B3A-75DCD42A716E}.Release|ARM64.Build.0 = Release|Any CPU
		{D9527072-6834-4DA8-8B3A-75DCD42A716E}.Release|x64.ActiveCfg = Release|Any CPU
		{D9527072-6834-4DA8-8B3A-75DCD42A716E}.Release|x64.Build.0 = Release|Any CPU
		{D9527072-6834-4DA8-8B3A-75DCD42A716E}.Release|x86.ActiveCfg = Release|Any CPU
		{D9527072-6834-4DA8-8B3A-75DCD42A716E}.Release|x86.Build.0 = Release|Any CPU
		{4306A872-15EB-4109-AAAC-5EC0F8F372C5}.Debug|Any CPU.ActiveCfg = Debug|Any CPU
		{4306A872-15EB-4109-AAAC-5EC0F8F372C5}.Debug|Any CPU.Build.0 = Debug|Any CPU
		{4306A872-15EB-4109-AAAC-5EC0F8F372C5}.Debug|ARM.ActiveCfg = Debug|Any CPU
		{4306A872-15EB-4109-AAAC-5EC0F8F372C5}.Debug|ARM.Build.0 = Debug|Any CPU
		{4306A872-15EB-4109-AAAC-5EC0F8F372C5}.Debug|ARM64.ActiveCfg = Debug|Any CPU
		{4306A872-15EB-4109-AAAC-5EC0F8F372C5}.Debug|ARM64.Build.0 = Debug|Any CPU
		{4306A872-15EB-4109-AAAC-5EC0F8F372C5}.Debug|x64.ActiveCfg = Debug|Any CPU
		{4306A872-15EB-4109-AAAC-5EC0F8F372C5}.Debug|x64.Build.0 = Debug|Any CPU
		{4306A872-15EB-4109-AAAC-5EC0F8F372C5}.Debug|x86.ActiveCfg = Debug|Any CPU
		{4306A872-15EB-4109-AAAC-5EC0F8F372C5}.Debug|x86.Build.0 = Debug|Any CPU
		{4306A872-15EB-4109-AAAC-5EC0F8F372C5}.Release|Any CPU.ActiveCfg = Release|Any CPU
		{4306A872-15EB-4109-AAAC-5EC0F8F372C5}.Release|Any CPU.Build.0 = Release|Any CPU
		{4306A872-15EB-4109-AAAC-5EC0F8F372C5}.Release|ARM.ActiveCfg = Release|Any CPU
		{4306A872-15EB-4109-AAAC-5EC0F8F372C5}.Release|ARM.Build.0 = Release|Any CPU
		{4306A872-15EB-4109-AAAC-5EC0F8F372C5}.Release|ARM64.ActiveCfg = Release|Any CPU
		{4306A872-15EB-4109-AAAC-5EC0F8F372C5}.Release|ARM64.Build.0 = Release|Any CPU
		{4306A872-15EB-4109-AAAC-5EC0F8F372C5}.Release|x64.ActiveCfg = Release|Any CPU
		{4306A872-15EB-4109-AAAC-5EC0F8F372C5}.Release|x64.Build.0 = Release|Any CPU
		{4306A872-15EB-4109-AAAC-5EC0F8F372C5}.Release|x86.ActiveCfg = Release|Any CPU
		{4306A872-15EB-4109-AAAC-5EC0F8F372C5}.Release|x86.Build.0 = Release|Any CPU
	EndGlobalSection
	GlobalSection(SolutionProperties) = preSolution
		HideSolutionNode = FALSE
	EndGlobalSection
	GlobalSection(ExtensibilityGlobals) = postSolution
		SolutionGuid = {0D35FFD6-8915-433B-9899-258AEAE2AEFF}
	EndGlobalSection
EndGlobal
